// !$*UTF8*$!
{
	archiveVersion = 1;
	classes = {
	};
	objectVersion = 46;
	objects = {

/* Begin PBXBuildFile section */
		4506236313D117F800086997 /* UIKit.framework in Frameworks */ = {isa = PBXBuildFile; fileRef = 4506236213D117F800086997 /* UIKit.framework */; };
		4506236513D117F800086997 /* Foundation.framework in Frameworks */ = {isa = PBXBuildFile; fileRef = 4506236413D117F800086997 /* Foundation.framework */; };
		4506236713D117F800086997 /* CoreGraphics.framework in Frameworks */ = {isa = PBXBuildFile; fileRef = 4506236613D117F800086997 /* CoreGraphics.framework */; };
		4506236D13D117F800086997 /* InfoPlist.strings in Resources */ = {isa = PBXBuildFile; fileRef = 4506236B13D117F800086997 /* InfoPlist.strings */; };
		4506236F13D117F800086997 /* main.m in Sources */ = {isa = PBXBuildFile; fileRef = 4506236E13D117F800086997 /* main.m */; };
		4506237313D117F800086997 /* CApplicationController.m in Sources */ = {isa = PBXBuildFile; fileRef = 4506237213D117F800086997 /* CApplicationController.m */; };
		4506238A13D117F800086997 /* SenTestingKit.framework in Frameworks */ = {isa = PBXBuildFile; fileRef = 4506238913D117F800086997 /* SenTestingKit.framework */; };
		4506238B13D117F800086997 /* UIKit.framework in Frameworks */ = {isa = PBXBuildFile; fileRef = 4506236213D117F800086997 /* UIKit.framework */; };
		4506238C13D117F800086997 /* Foundation.framework in Frameworks */ = {isa = PBXBuildFile; fileRef = 4506236413D117F800086997 /* Foundation.framework */; };
		4506238D13D117F800086997 /* CoreGraphics.framework in Frameworks */ = {isa = PBXBuildFile; fileRef = 4506236613D117F800086997 /* CoreGraphics.framework */; };
		4506239513D117F800086997 /* InfoPlist.strings in Resources */ = {isa = PBXBuildFile; fileRef = 4506239313D117F800086997 /* InfoPlist.strings */; };
		4506239713D117F800086997 /* TurntableFMTests.h in Resources */ = {isa = PBXBuildFile; fileRef = 4506239613D117F800086997 /* TurntableFMTests.h */; };
		4506239913D117F800086997 /* TurntableFMTests.m in Sources */ = {isa = PBXBuildFile; fileRef = 4506239813D117F800086997 /* TurntableFMTests.m */; };
		450623B313D11B1E00086997 /* MainWindow_iPad.xib in Resources */ = {isa = PBXBuildFile; fileRef = 450623B213D11B1D00086997 /* MainWindow_iPad.xib */; };
		451D43CC13D11DCE00530A57 /* CDataScanner.m in Sources */ = {isa = PBXBuildFile; fileRef = 451D430113D11DCD00530A57 /* CDataScanner.m */; };
		451D43CD13D11DCE00530A57 /* CFilteringJSONSerializer.m in Sources */ = {isa = PBXBuildFile; fileRef = 451D430413D11DCD00530A57 /* CFilteringJSONSerializer.m */; };
		451D43CE13D11DCE00530A57 /* CJSONDeserializer_BlocksExtensions.m in Sources */ = {isa = PBXBuildFile; fileRef = 451D430613D11DCD00530A57 /* CJSONDeserializer_BlocksExtensions.m */; };
		451D43CF13D11DCE00530A57 /* CJSONSerialization.m in Sources */ = {isa = PBXBuildFile; fileRef = 451D430813D11DCD00530A57 /* CJSONSerialization.m */; };
		451D43D013D11DCE00530A57 /* CJSONSerializedData.m in Sources */ = {isa = PBXBuildFile; fileRef = 451D430A13D11DCD00530A57 /* CJSONSerializedData.m */; };
		451D43D113D11DCE00530A57 /* CDataScanner_Extensions.m in Sources */ = {isa = PBXBuildFile; fileRef = 451D430D13D11DCD00530A57 /* CDataScanner_Extensions.m */; };
		451D43D213D11DCE00530A57 /* NSDictionary_JSONExtensions.m in Sources */ = {isa = PBXBuildFile; fileRef = 451D430F13D11DCD00530A57 /* NSDictionary_JSONExtensions.m */; };
		451D43D313D11DCE00530A57 /* CJSONDeserializer.m in Sources */ = {isa = PBXBuildFile; fileRef = 451D431213D11DCD00530A57 /* CJSONDeserializer.m */; };
		451D43D413D11DCE00530A57 /* CJSONScanner.m in Sources */ = {isa = PBXBuildFile; fileRef = 451D431413D11DCD00530A57 /* CJSONScanner.m */; };
		451D43D513D11DCE00530A57 /* CJSONSerializer.m in Sources */ = {isa = PBXBuildFile; fileRef = 451D431613D11DCD00530A57 /* CJSONSerializer.m */; };
		451D458E13D11F8900530A57 /* Facebook.m in Sources */ = {isa = PBXBuildFile; fileRef = 451D453C13D11F8900530A57 /* Facebook.m */; };
		451D458F13D11F8900530A57 /* FBDialog.bundle in Resources */ = {isa = PBXBuildFile; fileRef = 451D453F13D11F8900530A57 /* FBDialog.bundle */; };
		451D459013D11F8900530A57 /* FBDialog.m in Sources */ = {isa = PBXBuildFile; fileRef = 451D454113D11F8900530A57 /* FBDialog.m */; };
		451D459113D11F8900530A57 /* FBLoginDialog.m in Sources */ = {isa = PBXBuildFile; fileRef = 451D454313D11F8900530A57 /* FBLoginDialog.m */; };
		451D459213D11F8900530A57 /* FBRequest.m in Sources */ = {isa = PBXBuildFile; fileRef = 451D454513D11F8900530A57 /* FBRequest.m */; };
		451D459313D11F8900530A57 /* NSObject+SBJSON.m in Sources */ = {isa = PBXBuildFile; fileRef = 451D454913D11F8900530A57 /* NSObject+SBJSON.m */; };
		451D459413D11F8900530A57 /* NSString+SBJSON.m in Sources */ = {isa = PBXBuildFile; fileRef = 451D454B13D11F8900530A57 /* NSString+SBJSON.m */; };
		451D459513D11F8900530A57 /* SBJSON.m in Sources */ = {isa = PBXBuildFile; fileRef = 451D454D13D11F8900530A57 /* SBJSON.m */; };
		451D459613D11F8900530A57 /* SBJsonBase.m in Sources */ = {isa = PBXBuildFile; fileRef = 451D454F13D11F8900530A57 /* SBJsonBase.m */; };
		451D459713D11F8900530A57 /* SBJsonParser.m in Sources */ = {isa = PBXBuildFile; fileRef = 451D455113D11F8900530A57 /* SBJsonParser.m */; };
		451D459813D11F8900530A57 /* SBJsonWriter.m in Sources */ = {isa = PBXBuildFile; fileRef = 451D455313D11F8900530A57 /* SBJsonWriter.m */; };
		451D465613D133B700530A57 /* Base64Transcoder.c in Sources */ = {isa = PBXBuildFile; fileRef = 451D45D113D133B700530A57 /* Base64Transcoder.c */; };
		451D465713D133B700530A57 /* CDateRange.m in Sources */ = {isa = PBXBuildFile; fileRef = 451D45D413D133B700530A57 /* CDateRange.m */; };
		451D465813D133B700530A57 /* CBetterCoreDataManager.m in Sources */ = {isa = PBXBuildFile; fileRef = 451D45D713D133B700530A57 /* CBetterCoreDataManager.m */; };
		451D465913D133B700530A57 /* CCoreDataManager.m in Sources */ = {isa = PBXBuildFile; fileRef = 451D45D913D133B700530A57 /* CCoreDataManager.m */; };
		451D465A13D133B700530A57 /* CEntityDataSource.m in Sources */ = {isa = PBXBuildFile; fileRef = 451D45DB13D133B700530A57 /* CEntityDataSource.m */; };
		451D465B13D133B700530A57 /* NSManagedObjectContext_Extensions.m in Sources */ = {isa = PBXBuildFile; fileRef = 451D45DD13D133B700530A57 /* NSManagedObjectContext_Extensions.m */; };
		451D465C13D133B700530A57 /* CPointerArray.m in Sources */ = {isa = PBXBuildFile; fileRef = 451D45DF13D133B700530A57 /* CPointerArray.m */; };
		451D465D13D133B700530A57 /* CTemporaryData.m in Sources */ = {isa = PBXBuildFile; fileRef = 451D45E113D133B700530A57 /* CTemporaryData.m */; };
		451D465E13D133B700530A57 /* CTemporaryFile.m in Sources */ = {isa = PBXBuildFile; fileRef = 451D45E313D133B700530A57 /* CTemporaryFile.m */; };
		451D465F13D133B700530A57 /* CTrivialTemplate.m in Sources */ = {isa = PBXBuildFile; fileRef = 451D45E513D133B700530A57 /* CTrivialTemplate.m */; };
		451D466013D133B700530A57 /* CURLOperation.m in Sources */ = {isa = PBXBuildFile; fileRef = 451D45E713D133B700530A57 /* CURLOperation.m */; };
		451D466113D133B700530A57 /* CValueValidator.m in Sources */ = {isa = PBXBuildFile; fileRef = 451D45E913D133B700530A57 /* CValueValidator.m */; };
		451D466213D133B700530A57 /* ISO8601DateFormatter.m in Sources */ = {isa = PBXBuildFile; fileRef = 451D45EE13D133B700530A57 /* ISO8601DateFormatter.m */; };
		451D466313D133B700530A57 /* NSDate_Extensions.m in Sources */ = {isa = PBXBuildFile; fileRef = 451D45F013D133B700530A57 /* NSDate_Extensions.m */; };
		451D466413D133B700530A57 /* NSDate_InternetDateExtensions.m in Sources */ = {isa = PBXBuildFile; fileRef = 451D45F213D133B700530A57 /* NSDate_InternetDateExtensions.m */; };
		451D466513D133B700530A57 /* NSDate_LiberalDates.m in Sources */ = {isa = PBXBuildFile; fileRef = 451D45F413D133B700530A57 /* NSDate_LiberalDates.m */; };
		451D466613D133B700530A57 /* NSDateFormatter_InternetDateExtensions.m in Sources */ = {isa = PBXBuildFile; fileRef = 451D45F613D133B700530A57 /* NSDateFormatter_InternetDateExtensions.m */; };
		451D466713D133B700530A57 /* NSData_Base64Extensions.m in Sources */ = {isa = PBXBuildFile; fileRef = 451D45F813D133B700530A57 /* NSData_Base64Extensions.m */; };
		451D466813D133B700530A57 /* NSData_DigestExtensions.m in Sources */ = {isa = PBXBuildFile; fileRef = 451D45FA13D133B700530A57 /* NSData_DigestExtensions.m */; };
		451D466913D133B700530A57 /* NSData_Extensions.m in Sources */ = {isa = PBXBuildFile; fileRef = 451D45FC13D133B700530A57 /* NSData_Extensions.m */; };
		451D466A13D133B700530A57 /* NSDecimalNumber_Extensions.m in Sources */ = {isa = PBXBuildFile; fileRef = 451D45FE13D133B700530A57 /* NSDecimalNumber_Extensions.m */; };
		451D466B13D133B700530A57 /* NSError_Extensions.m in Sources */ = {isa = PBXBuildFile; fileRef = 451D460013D133B700530A57 /* NSError_Extensions.m */; };
		451D466C13D133B700530A57 /* NSFileManager_Extensions.m in Sources */ = {isa = PBXBuildFile; fileRef = 451D460213D133B700530A57 /* NSFileManager_Extensions.m */; };
		451D466D13D133B700530A57 /* NSIndexPath_Extensions.m in Sources */ = {isa = PBXBuildFile; fileRef = 451D460413D133B700530A57 /* NSIndexPath_Extensions.m */; };
		451D466E13D133B700530A57 /* NSOperation_DebugExtensions.m in Sources */ = {isa = PBXBuildFile; fileRef = 451D460613D133B700530A57 /* NSOperation_DebugExtensions.m */; };
		451D466F13D133B700530A57 /* NSOperationQueue_Extensions.m in Sources */ = {isa = PBXBuildFile; fileRef = 451D460813D133B700530A57 /* NSOperationQueue_Extensions.m */; };
		451D467013D133B700530A57 /* NSScanner_Extensions.m in Sources */ = {isa = PBXBuildFile; fileRef = 451D460A13D133B700530A57 /* NSScanner_Extensions.m */; };
		451D467113D133B700530A57 /* NSScanner_HTMLExtensions.m in Sources */ = {isa = PBXBuildFile; fileRef = 451D460C13D133B700530A57 /* NSScanner_HTMLExtensions.m */; };
		451D467213D133B700530A57 /* NSString_Extensions.m in Sources */ = {isa = PBXBuildFile; fileRef = 451D460E13D133B700530A57 /* NSString_Extensions.m */; };
		451D467313D133B700530A57 /* NSURL_DataExtensions.m in Sources */ = {isa = PBXBuildFile; fileRef = 451D461013D133B700530A57 /* NSURL_DataExtensions.m */; };
		451D467413D133B700530A57 /* NSURL_Extensions.m in Sources */ = {isa = PBXBuildFile; fileRef = 451D461213D133B700530A57 /* NSURL_Extensions.m */; };
		451D467513D133B700530A57 /* NSURLResponse_Extensions.m in Sources */ = {isa = PBXBuildFile; fileRef = 451D461413D133B700530A57 /* NSURLResponse_Extensions.m */; };
		451D467613D133B700530A57 /* NSValue_Extensions.m in Sources */ = {isa = PBXBuildFile; fileRef = 451D461613D133B700530A57 /* NSValue_Extensions.m */; };
		451D467713D133B700530A57 /* CInvocationGrabber.m in Sources */ = {isa = PBXBuildFile; fileRef = 451D461913D133B700530A57 /* CInvocationGrabber.m */; };
		451D467813D133B700530A57 /* NSObject_InvocationGrabberExtensions.m in Sources */ = {isa = PBXBuildFile; fileRef = 451D461B13D133B700530A57 /* NSObject_InvocationGrabberExtensions.m */; };
		451D467913D133B700530A57 /* CHTTPClient.m in Sources */ = {isa = PBXBuildFile; fileRef = 451D461E13D133B700530A57 /* CHTTPClient.m */; };
		451D467A13D133B700530A57 /* CMyURLResponse.m in Sources */ = {isa = PBXBuildFile; fileRef = 451D462013D133B700530A57 /* CMyURLResponse.m */; };
		451D467B13D133B700530A57 /* CURLOperation2.m in Sources */ = {isa = PBXBuildFile; fileRef = 451D462213D133B700530A57 /* CURLOperation2.m */; };
		451D467C13D133B700530A57 /* CBundleResourceURLProtocol.m in Sources */ = {isa = PBXBuildFile; fileRef = 451D462613D133B700530A57 /* CBundleResourceURLProtocol.m */; };
		451D467D13D133B700530A57 /* CCommaArrayTransformer.m in Sources */ = {isa = PBXBuildFile; fileRef = 451D462913D133B700530A57 /* CCommaArrayTransformer.m */; };
		451D467E13D133B700530A57 /* CFloatTransformer.m in Sources */ = {isa = PBXBuildFile; fileRef = 451D462B13D133B700530A57 /* CFloatTransformer.m */; };
		451D467F13D133B700530A57 /* CHumanDateFormatter.m in Sources */ = {isa = PBXBuildFile; fileRef = 451D462D13D133B700530A57 /* CHumanDateFormatter.m */; };
		451D468013D133B700530A57 /* CNumberToStringValueTransformer.m in Sources */ = {isa = PBXBuildFile; fileRef = 451D462F13D133B700530A57 /* CNumberToStringValueTransformer.m */; };
		451D468B13D133E200530A57 /* CoreData.framework in Frameworks */ = {isa = PBXBuildFile; fileRef = 451D468A13D133E200530A57 /* CoreData.framework */; };
		451D468D13D133F500530A57 /* MobileCoreServices.framework in Frameworks */ = {isa = PBXBuildFile; fileRef = 451D468C13D133F500530A57 /* MobileCoreServices.framework */; };
		451D468F13D1340F00530A57 /* CFNetwork.framework in Frameworks */ = {isa = PBXBuildFile; fileRef = 451D468E13D1340F00530A57 /* CFNetwork.framework */; };
		451D469513D157EA00530A57 /* CWebSocket.m in Sources */ = {isa = PBXBuildFile; fileRef = 451D469413D157EA00530A57 /* CWebSocket.m */; };
		456AFB9513D1D19B00F577F3 /* CCircularBuffer.m in Sources */ = {isa = PBXBuildFile; fileRef = 456AFB9413D1D19B00F577F3 /* CCircularBuffer.m */; };
		45FD2CDB13D1FEEF00F88C0F /* CSocketIO.m in Sources */ = {isa = PBXBuildFile; fileRef = 45FD2CDA13D1FEEF00F88C0F /* CSocketIO.m */; };
		45FD2CDF13D2085300F88C0F /* CTurntableFMSocket.m in Sources */ = {isa = PBXBuildFile; fileRef = 45FD2CDE13D2085300F88C0F /* CTurntableFMSocket.m */; };
		45FD2CEB13D2152B00F88C0F /* CMainViewController.m in Sources */ = {isa = PBXBuildFile; fileRef = 45FD2CE913D2152A00F88C0F /* CMainViewController.m */; };
		45FD2CF013D2167E00F88C0F /* CTurntableFMModel.m in Sources */ = {isa = PBXBuildFile; fileRef = 45FD2CEF13D2167E00F88C0F /* CTurntableFMModel.m */; };
		750344BC13D2297D0070495B /* CRoomViewController.m in Sources */ = {isa = PBXBuildFile; fileRef = 750344BA13D2297D0070495B /* CRoomViewController.m */; };
		750344BD13D2297D0070495B /* CRoomViewController.xib in Resources */ = {isa = PBXBuildFile; fileRef = 750344BB13D2297D0070495B /* CRoomViewController.xib */; };
		750344C313D22CF30070495B /* TurntableFMStaticAssets in Resources */ = {isa = PBXBuildFile; fileRef = 750344C213D22CF30070495B /* TurntableFMStaticAssets */; };
		75B86F4313D23095001280FC /* CChatViewController.m in Sources */ = {isa = PBXBuildFile; fileRef = 75B86F4113D23095001280FC /* CChatViewController.m */; };
		75B86F4413D23095001280FC /* CChatViewController.xib in Resources */ = {isa = PBXBuildFile; fileRef = 75B86F4213D23095001280FC /* CChatViewController.xib */; };
		75B86F4913D23124001280FC /* CSongViewController.m in Sources */ = {isa = PBXBuildFile; fileRef = 75B86F4713D23124001280FC /* CSongViewController.m */; };
		75B86F4A13D23124001280FC /* CSongViewController.xib in Resources */ = {isa = PBXBuildFile; fileRef = 75B86F4813D23124001280FC /* CSongViewController.xib */; };
		97ABD55A13D212010058B68E /* CLobbyViewController.m in Sources */ = {isa = PBXBuildFile; fileRef = 97ABD55813D212010058B68E /* CLobbyViewController.m */; };
		97ABD55B13D212010058B68E /* CLobbyViewController.xib in Resources */ = {isa = PBXBuildFile; fileRef = 97ABD55913D212010058B68E /* CLobbyViewController.xib */; };
/* End PBXBuildFile section */

/* Begin PBXContainerItemProxy section */
		4506238E13D117F800086997 /* PBXContainerItemProxy */ = {
			isa = PBXContainerItemProxy;
			containerPortal = 4506235513D117F800086997 /* Project object */;
			proxyType = 1;
			remoteGlobalIDString = 4506235D13D117F800086997;
			remoteInfo = TurntableFM;
		};
/* End PBXContainerItemProxy section */

/* Begin PBXFileReference section */
		4506235E13D117F800086997 /* TurntableFM.app */ = {isa = PBXFileReference; explicitFileType = wrapper.application; includeInIndex = 0; path = TurntableFM.app; sourceTree = BUILT_PRODUCTS_DIR; };
		4506236213D117F800086997 /* UIKit.framework */ = {isa = PBXFileReference; lastKnownFileType = wrapper.framework; name = UIKit.framework; path = System/Library/Frameworks/UIKit.framework; sourceTree = SDKROOT; };
		4506236413D117F800086997 /* Foundation.framework */ = {isa = PBXFileReference; lastKnownFileType = wrapper.framework; name = Foundation.framework; path = System/Library/Frameworks/Foundation.framework; sourceTree = SDKROOT; };
		4506236613D117F800086997 /* CoreGraphics.framework */ = {isa = PBXFileReference; lastKnownFileType = wrapper.framework; name = CoreGraphics.framework; path = System/Library/Frameworks/CoreGraphics.framework; sourceTree = SDKROOT; };
		4506236A13D117F800086997 /* TurntableFM-Info.plist */ = {isa = PBXFileReference; lastKnownFileType = text.plist.xml; path = "TurntableFM-Info.plist"; sourceTree = "<group>"; };
		4506236C13D117F800086997 /* en */ = {isa = PBXFileReference; lastKnownFileType = text.plist.strings; name = en; path = en.lproj/InfoPlist.strings; sourceTree = "<group>"; };
		4506236E13D117F800086997 /* main.m */ = {isa = PBXFileReference; lastKnownFileType = sourcecode.c.objc; path = main.m; sourceTree = "<group>"; };
		4506237013D117F800086997 /* TurntableFM-Prefix.pch */ = {isa = PBXFileReference; lastKnownFileType = sourcecode.c.h; path = "TurntableFM-Prefix.pch"; sourceTree = "<group>"; };
		4506237113D117F800086997 /* CApplicationController.h */ = {isa = PBXFileReference; lastKnownFileType = sourcecode.c.h; path = CApplicationController.h; sourceTree = "<group>"; };
		4506237213D117F800086997 /* CApplicationController.m */ = {isa = PBXFileReference; lastKnownFileType = sourcecode.c.objc; path = CApplicationController.m; sourceTree = "<group>"; };
		4506238813D117F800086997 /* TurntableFMTests.octest */ = {isa = PBXFileReference; explicitFileType = wrapper.cfbundle; includeInIndex = 0; path = TurntableFMTests.octest; sourceTree = BUILT_PRODUCTS_DIR; };
		4506238913D117F800086997 /* SenTestingKit.framework */ = {isa = PBXFileReference; lastKnownFileType = wrapper.framework; name = SenTestingKit.framework; path = Library/Frameworks/SenTestingKit.framework; sourceTree = DEVELOPER_DIR; };
		4506239213D117F800086997 /* TurntableFMTests-Info.plist */ = {isa = PBXFileReference; lastKnownFileType = text.plist.xml; path = "TurntableFMTests-Info.plist"; sourceTree = "<group>"; };
		4506239413D117F800086997 /* en */ = {isa = PBXFileReference; lastKnownFileType = text.plist.strings; name = en; path = en.lproj/InfoPlist.strings; sourceTree = "<group>"; };
		4506239613D117F800086997 /* TurntableFMTests.h */ = {isa = PBXFileReference; lastKnownFileType = sourcecode.c.h; path = TurntableFMTests.h; sourceTree = "<group>"; };
		4506239813D117F800086997 /* TurntableFMTests.m */ = {isa = PBXFileReference; lastKnownFileType = sourcecode.c.objc; path = TurntableFMTests.m; sourceTree = "<group>"; };
		450623B213D11B1D00086997 /* MainWindow_iPad.xib */ = {isa = PBXFileReference; fileEncoding = 4; lastKnownFileType = file.xib; path = MainWindow_iPad.xib; sourceTree = "<group>"; };
		451D430013D11DCD00530A57 /* CDataScanner.h */ = {isa = PBXFileReference; fileEncoding = 4; lastKnownFileType = sourcecode.c.h; path = CDataScanner.h; sourceTree = "<group>"; };
		451D430113D11DCD00530A57 /* CDataScanner.m */ = {isa = PBXFileReference; fileEncoding = 4; lastKnownFileType = sourcecode.c.objc; path = CDataScanner.m; sourceTree = "<group>"; };
		451D430313D11DCD00530A57 /* CFilteringJSONSerializer.h */ = {isa = PBXFileReference; fileEncoding = 4; lastKnownFileType = sourcecode.c.h; path = CFilteringJSONSerializer.h; sourceTree = "<group>"; };
		451D430413D11DCD00530A57 /* CFilteringJSONSerializer.m */ = {isa = PBXFileReference; fileEncoding = 4; lastKnownFileType = sourcecode.c.objc; path = CFilteringJSONSerializer.m; sourceTree = "<group>"; };
		451D430513D11DCD00530A57 /* CJSONDeserializer_BlocksExtensions.h */ = {isa = PBXFileReference; fileEncoding = 4; lastKnownFileType = sourcecode.c.h; path = CJSONDeserializer_BlocksExtensions.h; sourceTree = "<group>"; };
		451D430613D11DCD00530A57 /* CJSONDeserializer_BlocksExtensions.m */ = {isa = PBXFileReference; fileEncoding = 4; lastKnownFileType = sourcecode.c.objc; path = CJSONDeserializer_BlocksExtensions.m; sourceTree = "<group>"; };
		451D430713D11DCD00530A57 /* CJSONSerialization.h */ = {isa = PBXFileReference; fileEncoding = 4; lastKnownFileType = sourcecode.c.h; path = CJSONSerialization.h; sourceTree = "<group>"; };
		451D430813D11DCD00530A57 /* CJSONSerialization.m */ = {isa = PBXFileReference; fileEncoding = 4; lastKnownFileType = sourcecode.c.objc; path = CJSONSerialization.m; sourceTree = "<group>"; };
		451D430913D11DCD00530A57 /* CJSONSerializedData.h */ = {isa = PBXFileReference; fileEncoding = 4; lastKnownFileType = sourcecode.c.h; path = CJSONSerializedData.h; sourceTree = "<group>"; };
		451D430A13D11DCD00530A57 /* CJSONSerializedData.m */ = {isa = PBXFileReference; fileEncoding = 4; lastKnownFileType = sourcecode.c.objc; path = CJSONSerializedData.m; sourceTree = "<group>"; };
		451D430C13D11DCD00530A57 /* CDataScanner_Extensions.h */ = {isa = PBXFileReference; fileEncoding = 4; lastKnownFileType = sourcecode.c.h; path = CDataScanner_Extensions.h; sourceTree = "<group>"; };
		451D430D13D11DCD00530A57 /* CDataScanner_Extensions.m */ = {isa = PBXFileReference; fileEncoding = 4; lastKnownFileType = sourcecode.c.objc; path = CDataScanner_Extensions.m; sourceTree = "<group>"; };
		451D430E13D11DCD00530A57 /* NSDictionary_JSONExtensions.h */ = {isa = PBXFileReference; fileEncoding = 4; lastKnownFileType = sourcecode.c.h; path = NSDictionary_JSONExtensions.h; sourceTree = "<group>"; };
		451D430F13D11DCD00530A57 /* NSDictionary_JSONExtensions.m */ = {isa = PBXFileReference; fileEncoding = 4; lastKnownFileType = sourcecode.c.objc; path = NSDictionary_JSONExtensions.m; sourceTree = "<group>"; };
		451D431113D11DCD00530A57 /* CJSONDeserializer.h */ = {isa = PBXFileReference; fileEncoding = 4; lastKnownFileType = sourcecode.c.h; path = CJSONDeserializer.h; sourceTree = "<group>"; };
		451D431213D11DCD00530A57 /* CJSONDeserializer.m */ = {isa = PBXFileReference; fileEncoding = 4; lastKnownFileType = sourcecode.c.objc; path = CJSONDeserializer.m; sourceTree = "<group>"; };
		451D431313D11DCD00530A57 /* CJSONScanner.h */ = {isa = PBXFileReference; fileEncoding = 4; lastKnownFileType = sourcecode.c.h; path = CJSONScanner.h; sourceTree = "<group>"; };
		451D431413D11DCD00530A57 /* CJSONScanner.m */ = {isa = PBXFileReference; fileEncoding = 4; lastKnownFileType = sourcecode.c.objc; path = CJSONScanner.m; sourceTree = "<group>"; };
		451D431513D11DCD00530A57 /* CJSONSerializer.h */ = {isa = PBXFileReference; fileEncoding = 4; lastKnownFileType = sourcecode.c.h; path = CJSONSerializer.h; sourceTree = "<group>"; };
		451D431613D11DCD00530A57 /* CJSONSerializer.m */ = {isa = PBXFileReference; fileEncoding = 4; lastKnownFileType = sourcecode.c.objc; path = CJSONSerializer.m; sourceTree = "<group>"; };
		451D431713D11DCD00530A57 /* JSONRepresentation.h */ = {isa = PBXFileReference; fileEncoding = 4; lastKnownFileType = sourcecode.c.h; path = JSONRepresentation.h; sourceTree = "<group>"; };
		451D453B13D11F8900530A57 /* Facebook.h */ = {isa = PBXFileReference; fileEncoding = 4; lastKnownFileType = sourcecode.c.h; path = Facebook.h; sourceTree = "<group>"; };
		451D453C13D11F8900530A57 /* Facebook.m */ = {isa = PBXFileReference; fileEncoding = 4; lastKnownFileType = sourcecode.c.objc; path = Facebook.m; sourceTree = "<group>"; };
		451D453D13D11F8900530A57 /* facebook_ios_sdk_Prefix.pch */ = {isa = PBXFileReference; fileEncoding = 4; lastKnownFileType = sourcecode.c.h; path = facebook_ios_sdk_Prefix.pch; sourceTree = "<group>"; };
		451D453E13D11F8900530A57 /* FBConnect.h */ = {isa = PBXFileReference; fileEncoding = 4; lastKnownFileType = sourcecode.c.h; path = FBConnect.h; sourceTree = "<group>"; };
		451D453F13D11F8900530A57 /* FBDialog.bundle */ = {isa = PBXFileReference; lastKnownFileType = "wrapper.plug-in"; path = FBDialog.bundle; sourceTree = "<group>"; };
		451D454013D11F8900530A57 /* FBDialog.h */ = {isa = PBXFileReference; fileEncoding = 4; lastKnownFileType = sourcecode.c.h; path = FBDialog.h; sourceTree = "<group>"; };
		451D454113D11F8900530A57 /* FBDialog.m */ = {isa = PBXFileReference; fileEncoding = 4; lastKnownFileType = sourcecode.c.objc; path = FBDialog.m; sourceTree = "<group>"; };
		451D454213D11F8900530A57 /* FBLoginDialog.h */ = {isa = PBXFileReference; fileEncoding = 4; lastKnownFileType = sourcecode.c.h; path = FBLoginDialog.h; sourceTree = "<group>"; };
		451D454313D11F8900530A57 /* FBLoginDialog.m */ = {isa = PBXFileReference; fileEncoding = 4; lastKnownFileType = sourcecode.c.objc; path = FBLoginDialog.m; sourceTree = "<group>"; };
		451D454413D11F8900530A57 /* FBRequest.h */ = {isa = PBXFileReference; fileEncoding = 4; lastKnownFileType = sourcecode.c.h; path = FBRequest.h; sourceTree = "<group>"; };
		451D454513D11F8900530A57 /* FBRequest.m */ = {isa = PBXFileReference; fileEncoding = 4; lastKnownFileType = sourcecode.c.objc; path = FBRequest.m; sourceTree = "<group>"; };
		451D454713D11F8900530A57 /* JSON.h */ = {isa = PBXFileReference; fileEncoding = 4; lastKnownFileType = sourcecode.c.h; path = JSON.h; sourceTree = "<group>"; };
		451D454813D11F8900530A57 /* NSObject+SBJSON.h */ = {isa = PBXFileReference; fileEncoding = 4; lastKnownFileType = sourcecode.c.h; path = "NSObject+SBJSON.h"; sourceTree = "<group>"; };
		451D454913D11F8900530A57 /* NSObject+SBJSON.m */ = {isa = PBXFileReference; fileEncoding = 4; lastKnownFileType = sourcecode.c.objc; path = "NSObject+SBJSON.m"; sourceTree = "<group>"; };
		451D454A13D11F8900530A57 /* NSString+SBJSON.h */ = {isa = PBXFileReference; fileEncoding = 4; lastKnownFileType = sourcecode.c.h; path = "NSString+SBJSON.h"; sourceTree = "<group>"; };
		451D454B13D11F8900530A57 /* NSString+SBJSON.m */ = {isa = PBXFileReference; fileEncoding = 4; lastKnownFileType = sourcecode.c.objc; path = "NSString+SBJSON.m"; sourceTree = "<group>"; };
		451D454C13D11F8900530A57 /* SBJSON.h */ = {isa = PBXFileReference; fileEncoding = 4; lastKnownFileType = sourcecode.c.h; path = SBJSON.h; sourceTree = "<group>"; };
		451D454D13D11F8900530A57 /* SBJSON.m */ = {isa = PBXFileReference; fileEncoding = 4; lastKnownFileType = sourcecode.c.objc; path = SBJSON.m; sourceTree = "<group>"; };
		451D454E13D11F8900530A57 /* SBJsonBase.h */ = {isa = PBXFileReference; fileEncoding = 4; lastKnownFileType = sourcecode.c.h; path = SBJsonBase.h; sourceTree = "<group>"; };
		451D454F13D11F8900530A57 /* SBJsonBase.m */ = {isa = PBXFileReference; fileEncoding = 4; lastKnownFileType = sourcecode.c.objc; path = SBJsonBase.m; sourceTree = "<group>"; };
		451D455013D11F8900530A57 /* SBJsonParser.h */ = {isa = PBXFileReference; fileEncoding = 4; lastKnownFileType = sourcecode.c.h; path = SBJsonParser.h; sourceTree = "<group>"; };
		451D455113D11F8900530A57 /* SBJsonParser.m */ = {isa = PBXFileReference; fileEncoding = 4; lastKnownFileType = sourcecode.c.objc; path = SBJsonParser.m; sourceTree = "<group>"; };
		451D455213D11F8900530A57 /* SBJsonWriter.h */ = {isa = PBXFileReference; fileEncoding = 4; lastKnownFileType = sourcecode.c.h; path = SBJsonWriter.h; sourceTree = "<group>"; };
		451D455313D11F8900530A57 /* SBJsonWriter.m */ = {isa = PBXFileReference; fileEncoding = 4; lastKnownFileType = sourcecode.c.objc; path = SBJsonWriter.m; sourceTree = "<group>"; };
		451D45D013D133B700530A57 /* Asserts.h */ = {isa = PBXFileReference; fileEncoding = 4; lastKnownFileType = sourcecode.c.h; path = Asserts.h; sourceTree = "<group>"; };
		451D45D113D133B700530A57 /* Base64Transcoder.c */ = {isa = PBXFileReference; fileEncoding = 4; lastKnownFileType = sourcecode.c.c; path = Base64Transcoder.c; sourceTree = "<group>"; };
		451D45D213D133B700530A57 /* Base64Transcoder.h */ = {isa = PBXFileReference; fileEncoding = 4; lastKnownFileType = sourcecode.c.h; path = Base64Transcoder.h; sourceTree = "<group>"; };
		451D45D313D133B700530A57 /* CDateRange.h */ = {isa = PBXFileReference; fileEncoding = 4; lastKnownFileType = sourcecode.c.h; path = CDateRange.h; sourceTree = "<group>"; };
		451D45D413D133B700530A57 /* CDateRange.m */ = {isa = PBXFileReference; fileEncoding = 4; lastKnownFileType = sourcecode.c.objc; path = CDateRange.m; sourceTree = "<group>"; };
		451D45D613D133B700530A57 /* CBetterCoreDataManager.h */ = {isa = PBXFileReference; fileEncoding = 4; lastKnownFileType = sourcecode.c.h; path = CBetterCoreDataManager.h; sourceTree = "<group>"; };
		451D45D713D133B700530A57 /* CBetterCoreDataManager.m */ = {isa = PBXFileReference; fileEncoding = 4; lastKnownFileType = sourcecode.c.objc; path = CBetterCoreDataManager.m; sourceTree = "<group>"; };
		451D45D813D133B700530A57 /* CCoreDataManager.h */ = {isa = PBXFileReference; fileEncoding = 4; lastKnownFileType = sourcecode.c.h; path = CCoreDataManager.h; sourceTree = "<group>"; };
		451D45D913D133B700530A57 /* CCoreDataManager.m */ = {isa = PBXFileReference; fileEncoding = 4; lastKnownFileType = sourcecode.c.objc; path = CCoreDataManager.m; sourceTree = "<group>"; };
		451D45DA13D133B700530A57 /* CEntityDataSource.h */ = {isa = PBXFileReference; fileEncoding = 4; lastKnownFileType = sourcecode.c.h; path = CEntityDataSource.h; sourceTree = "<group>"; };
		451D45DB13D133B700530A57 /* CEntityDataSource.m */ = {isa = PBXFileReference; fileEncoding = 4; lastKnownFileType = sourcecode.c.objc; path = CEntityDataSource.m; sourceTree = "<group>"; };
		451D45DC13D133B700530A57 /* NSManagedObjectContext_Extensions.h */ = {isa = PBXFileReference; fileEncoding = 4; lastKnownFileType = sourcecode.c.h; path = NSManagedObjectContext_Extensions.h; sourceTree = "<group>"; };
		451D45DD13D133B700530A57 /* NSManagedObjectContext_Extensions.m */ = {isa = PBXFileReference; fileEncoding = 4; lastKnownFileType = sourcecode.c.objc; path = NSManagedObjectContext_Extensions.m; sourceTree = "<group>"; };
		451D45DE13D133B700530A57 /* CPointerArray.h */ = {isa = PBXFileReference; fileEncoding = 4; lastKnownFileType = sourcecode.c.h; path = CPointerArray.h; sourceTree = "<group>"; };
		451D45DF13D133B700530A57 /* CPointerArray.m */ = {isa = PBXFileReference; fileEncoding = 4; lastKnownFileType = sourcecode.c.objc; path = CPointerArray.m; sourceTree = "<group>"; };
		451D45E013D133B700530A57 /* CTemporaryData.h */ = {isa = PBXFileReference; fileEncoding = 4; lastKnownFileType = sourcecode.c.h; path = CTemporaryData.h; sourceTree = "<group>"; };
		451D45E113D133B700530A57 /* CTemporaryData.m */ = {isa = PBXFileReference; fileEncoding = 4; lastKnownFileType = sourcecode.c.objc; path = CTemporaryData.m; sourceTree = "<group>"; };
		451D45E213D133B700530A57 /* CTemporaryFile.h */ = {isa = PBXFileReference; fileEncoding = 4; lastKnownFileType = sourcecode.c.h; path = CTemporaryFile.h; sourceTree = "<group>"; };
		451D45E313D133B700530A57 /* CTemporaryFile.m */ = {isa = PBXFileReference; fileEncoding = 4; lastKnownFileType = sourcecode.c.objc; path = CTemporaryFile.m; sourceTree = "<group>"; };
		451D45E413D133B700530A57 /* CTrivialTemplate.h */ = {isa = PBXFileReference; fileEncoding = 4; lastKnownFileType = sourcecode.c.h; path = CTrivialTemplate.h; sourceTree = "<group>"; };
		451D45E513D133B700530A57 /* CTrivialTemplate.m */ = {isa = PBXFileReference; fileEncoding = 4; lastKnownFileType = sourcecode.c.objc; path = CTrivialTemplate.m; sourceTree = "<group>"; };
		451D45E613D133B700530A57 /* CURLOperation.h */ = {isa = PBXFileReference; fileEncoding = 4; lastKnownFileType = sourcecode.c.h; path = CURLOperation.h; sourceTree = "<group>"; };
		451D45E713D133B700530A57 /* CURLOperation.m */ = {isa = PBXFileReference; fileEncoding = 4; lastKnownFileType = sourcecode.c.objc; path = CURLOperation.m; sourceTree = "<group>"; };
		451D45E813D133B700530A57 /* CValueValidator.h */ = {isa = PBXFileReference; fileEncoding = 4; lastKnownFileType = sourcecode.c.h; path = CValueValidator.h; sourceTree = "<group>"; };
		451D45E913D133B700530A57 /* CValueValidator.m */ = {isa = PBXFileReference; fileEncoding = 4; lastKnownFileType = sourcecode.c.objc; path = CValueValidator.m; sourceTree = "<group>"; };
		451D45ED13D133B700530A57 /* ISO8601DateFormatter.h */ = {isa = PBXFileReference; fileEncoding = 4; lastKnownFileType = sourcecode.c.h; path = ISO8601DateFormatter.h; sourceTree = "<group>"; };
		451D45EE13D133B700530A57 /* ISO8601DateFormatter.m */ = {isa = PBXFileReference; fileEncoding = 4; lastKnownFileType = sourcecode.c.objc; path = ISO8601DateFormatter.m; sourceTree = "<group>"; };
		451D45EF13D133B700530A57 /* NSDate_Extensions.h */ = {isa = PBXFileReference; fileEncoding = 4; lastKnownFileType = sourcecode.c.h; path = NSDate_Extensions.h; sourceTree = "<group>"; };
		451D45F013D133B700530A57 /* NSDate_Extensions.m */ = {isa = PBXFileReference; fileEncoding = 4; lastKnownFileType = sourcecode.c.objc; path = NSDate_Extensions.m; sourceTree = "<group>"; };
		451D45F113D133B700530A57 /* NSDate_InternetDateExtensions.h */ = {isa = PBXFileReference; fileEncoding = 4; lastKnownFileType = sourcecode.c.h; path = NSDate_InternetDateExtensions.h; sourceTree = "<group>"; };
		451D45F213D133B700530A57 /* NSDate_InternetDateExtensions.m */ = {isa = PBXFileReference; fileEncoding = 4; lastKnownFileType = sourcecode.c.objc; path = NSDate_InternetDateExtensions.m; sourceTree = "<group>"; };
		451D45F313D133B700530A57 /* NSDate_LiberalDates.h */ = {isa = PBXFileReference; fileEncoding = 4; lastKnownFileType = sourcecode.c.h; path = NSDate_LiberalDates.h; sourceTree = "<group>"; };
		451D45F413D133B700530A57 /* NSDate_LiberalDates.m */ = {isa = PBXFileReference; fileEncoding = 4; lastKnownFileType = sourcecode.c.objc; path = NSDate_LiberalDates.m; sourceTree = "<group>"; };
		451D45F513D133B700530A57 /* NSDateFormatter_InternetDateExtensions.h */ = {isa = PBXFileReference; fileEncoding = 4; lastKnownFileType = sourcecode.c.h; path = NSDateFormatter_InternetDateExtensions.h; sourceTree = "<group>"; };
		451D45F613D133B700530A57 /* NSDateFormatter_InternetDateExtensions.m */ = {isa = PBXFileReference; fileEncoding = 4; lastKnownFileType = sourcecode.c.objc; path = NSDateFormatter_InternetDateExtensions.m; sourceTree = "<group>"; };
		451D45F713D133B700530A57 /* NSData_Base64Extensions.h */ = {isa = PBXFileReference; fileEncoding = 4; lastKnownFileType = sourcecode.c.h; path = NSData_Base64Extensions.h; sourceTree = "<group>"; };
		451D45F813D133B700530A57 /* NSData_Base64Extensions.m */ = {isa = PBXFileReference; fileEncoding = 4; lastKnownFileType = sourcecode.c.objc; path = NSData_Base64Extensions.m; sourceTree = "<group>"; };
		451D45F913D133B700530A57 /* NSData_DigestExtensions.h */ = {isa = PBXFileReference; fileEncoding = 4; lastKnownFileType = sourcecode.c.h; path = NSData_DigestExtensions.h; sourceTree = "<group>"; };
		451D45FA13D133B700530A57 /* NSData_DigestExtensions.m */ = {isa = PBXFileReference; fileEncoding = 4; lastKnownFileType = sourcecode.c.objc; path = NSData_DigestExtensions.m; sourceTree = "<group>"; };
		451D45FB13D133B700530A57 /* NSData_Extensions.h */ = {isa = PBXFileReference; fileEncoding = 4; lastKnownFileType = sourcecode.c.h; path = NSData_Extensions.h; sourceTree = "<group>"; };
		451D45FC13D133B700530A57 /* NSData_Extensions.m */ = {isa = PBXFileReference; fileEncoding = 4; lastKnownFileType = sourcecode.c.objc; path = NSData_Extensions.m; sourceTree = "<group>"; };
		451D45FD13D133B700530A57 /* NSDecimalNumber_Extensions.h */ = {isa = PBXFileReference; fileEncoding = 4; lastKnownFileType = sourcecode.c.h; path = NSDecimalNumber_Extensions.h; sourceTree = "<group>"; };
		451D45FE13D133B700530A57 /* NSDecimalNumber_Extensions.m */ = {isa = PBXFileReference; fileEncoding = 4; lastKnownFileType = sourcecode.c.objc; path = NSDecimalNumber_Extensions.m; sourceTree = "<group>"; };
		451D45FF13D133B700530A57 /* NSError_Extensions.h */ = {isa = PBXFileReference; fileEncoding = 4; lastKnownFileType = sourcecode.c.h; path = NSError_Extensions.h; sourceTree = "<group>"; };
		451D460013D133B700530A57 /* NSError_Extensions.m */ = {isa = PBXFileReference; fileEncoding = 4; lastKnownFileType = sourcecode.c.objc; path = NSError_Extensions.m; sourceTree = "<group>"; };
		451D460113D133B700530A57 /* NSFileManager_Extensions.h */ = {isa = PBXFileReference; fileEncoding = 4; lastKnownFileType = sourcecode.c.h; path = NSFileManager_Extensions.h; sourceTree = "<group>"; };
		451D460213D133B700530A57 /* NSFileManager_Extensions.m */ = {isa = PBXFileReference; fileEncoding = 4; lastKnownFileType = sourcecode.c.objc; path = NSFileManager_Extensions.m; sourceTree = "<group>"; };
		451D460313D133B700530A57 /* NSIndexPath_Extensions.h */ = {isa = PBXFileReference; fileEncoding = 4; lastKnownFileType = sourcecode.c.h; path = NSIndexPath_Extensions.h; sourceTree = "<group>"; };
		451D460413D133B700530A57 /* NSIndexPath_Extensions.m */ = {isa = PBXFileReference; fileEncoding = 4; lastKnownFileType = sourcecode.c.objc; path = NSIndexPath_Extensions.m; sourceTree = "<group>"; };
		451D460513D133B700530A57 /* NSOperation_DebugExtensions.h */ = {isa = PBXFileReference; fileEncoding = 4; lastKnownFileType = sourcecode.c.h; path = NSOperation_DebugExtensions.h; sourceTree = "<group>"; };
		451D460613D133B700530A57 /* NSOperation_DebugExtensions.m */ = {isa = PBXFileReference; fileEncoding = 4; lastKnownFileType = sourcecode.c.objc; path = NSOperation_DebugExtensions.m; sourceTree = "<group>"; };
		451D460713D133B700530A57 /* NSOperationQueue_Extensions.h */ = {isa = PBXFileReference; fileEncoding = 4; lastKnownFileType = sourcecode.c.h; path = NSOperationQueue_Extensions.h; sourceTree = "<group>"; };
		451D460813D133B700530A57 /* NSOperationQueue_Extensions.m */ = {isa = PBXFileReference; fileEncoding = 4; lastKnownFileType = sourcecode.c.objc; path = NSOperationQueue_Extensions.m; sourceTree = "<group>"; };
		451D460913D133B700530A57 /* NSScanner_Extensions.h */ = {isa = PBXFileReference; fileEncoding = 4; lastKnownFileType = sourcecode.c.h; path = NSScanner_Extensions.h; sourceTree = "<group>"; };
		451D460A13D133B700530A57 /* NSScanner_Extensions.m */ = {isa = PBXFileReference; fileEncoding = 4; lastKnownFileType = sourcecode.c.objc; path = NSScanner_Extensions.m; sourceTree = "<group>"; };
		451D460B13D133B700530A57 /* NSScanner_HTMLExtensions.h */ = {isa = PBXFileReference; fileEncoding = 4; lastKnownFileType = sourcecode.c.h; path = NSScanner_HTMLExtensions.h; sourceTree = "<group>"; };
		451D460C13D133B700530A57 /* NSScanner_HTMLExtensions.m */ = {isa = PBXFileReference; fileEncoding = 4; lastKnownFileType = sourcecode.c.objc; path = NSScanner_HTMLExtensions.m; sourceTree = "<group>"; };
		451D460D13D133B700530A57 /* NSString_Extensions.h */ = {isa = PBXFileReference; fileEncoding = 4; lastKnownFileType = sourcecode.c.h; path = NSString_Extensions.h; sourceTree = "<group>"; };
		451D460E13D133B700530A57 /* NSString_Extensions.m */ = {isa = PBXFileReference; fileEncoding = 4; lastKnownFileType = sourcecode.c.objc; path = NSString_Extensions.m; sourceTree = "<group>"; };
		451D460F13D133B700530A57 /* NSURL_DataExtensions.h */ = {isa = PBXFileReference; fileEncoding = 4; lastKnownFileType = sourcecode.c.h; path = NSURL_DataExtensions.h; sourceTree = "<group>"; };
		451D461013D133B700530A57 /* NSURL_DataExtensions.m */ = {isa = PBXFileReference; fileEncoding = 4; lastKnownFileType = sourcecode.c.objc; path = NSURL_DataExtensions.m; sourceTree = "<group>"; };
		451D461113D133B700530A57 /* NSURL_Extensions.h */ = {isa = PBXFileReference; fileEncoding = 4; lastKnownFileType = sourcecode.c.h; path = NSURL_Extensions.h; sourceTree = "<group>"; };
		451D461213D133B700530A57 /* NSURL_Extensions.m */ = {isa = PBXFileReference; fileEncoding = 4; lastKnownFileType = sourcecode.c.objc; path = NSURL_Extensions.m; sourceTree = "<group>"; };
		451D461313D133B700530A57 /* NSURLResponse_Extensions.h */ = {isa = PBXFileReference; fileEncoding = 4; lastKnownFileType = sourcecode.c.h; path = NSURLResponse_Extensions.h; sourceTree = "<group>"; };
		451D461413D133B700530A57 /* NSURLResponse_Extensions.m */ = {isa = PBXFileReference; fileEncoding = 4; lastKnownFileType = sourcecode.c.objc; path = NSURLResponse_Extensions.m; sourceTree = "<group>"; };
		451D461513D133B700530A57 /* NSValue_Extensions.h */ = {isa = PBXFileReference; fileEncoding = 4; lastKnownFileType = sourcecode.c.h; path = NSValue_Extensions.h; sourceTree = "<group>"; };
		451D461613D133B700530A57 /* NSValue_Extensions.m */ = {isa = PBXFileReference; fileEncoding = 4; lastKnownFileType = sourcecode.c.objc; path = NSValue_Extensions.m; sourceTree = "<group>"; };
		451D461813D133B700530A57 /* CInvocationGrabber.h */ = {isa = PBXFileReference; fileEncoding = 4; lastKnownFileType = sourcecode.c.h; path = CInvocationGrabber.h; sourceTree = "<group>"; };
		451D461913D133B700530A57 /* CInvocationGrabber.m */ = {isa = PBXFileReference; fileEncoding = 4; lastKnownFileType = sourcecode.c.objc; path = CInvocationGrabber.m; sourceTree = "<group>"; };
		451D461A13D133B700530A57 /* NSObject_InvocationGrabberExtensions.h */ = {isa = PBXFileReference; fileEncoding = 4; lastKnownFileType = sourcecode.c.h; path = NSObject_InvocationGrabberExtensions.h; sourceTree = "<group>"; };
		451D461B13D133B700530A57 /* NSObject_InvocationGrabberExtensions.m */ = {isa = PBXFileReference; fileEncoding = 4; lastKnownFileType = sourcecode.c.objc; path = NSObject_InvocationGrabberExtensions.m; sourceTree = "<group>"; };
		451D461D13D133B700530A57 /* CHTTPClient.h */ = {isa = PBXFileReference; fileEncoding = 4; lastKnownFileType = sourcecode.c.h; path = CHTTPClient.h; sourceTree = "<group>"; };
		451D461E13D133B700530A57 /* CHTTPClient.m */ = {isa = PBXFileReference; fileEncoding = 4; lastKnownFileType = sourcecode.c.objc; path = CHTTPClient.m; sourceTree = "<group>"; };
		451D461F13D133B700530A57 /* CMyURLResponse.h */ = {isa = PBXFileReference; fileEncoding = 4; lastKnownFileType = sourcecode.c.h; path = CMyURLResponse.h; sourceTree = "<group>"; };
		451D462013D133B700530A57 /* CMyURLResponse.m */ = {isa = PBXFileReference; fileEncoding = 4; lastKnownFileType = sourcecode.c.objc; path = CMyURLResponse.m; sourceTree = "<group>"; };
		451D462113D133B700530A57 /* CURLOperation2.h */ = {isa = PBXFileReference; fileEncoding = 4; lastKnownFileType = sourcecode.c.h; path = CURLOperation2.h; sourceTree = "<group>"; };
		451D462213D133B700530A57 /* CURLOperation2.m */ = {isa = PBXFileReference; fileEncoding = 4; lastKnownFileType = sourcecode.c.objc; path = CURLOperation2.m; sourceTree = "<group>"; };
		451D462313D133B700530A57 /* TouchcodePrefix.h */ = {isa = PBXFileReference; fileEncoding = 4; lastKnownFileType = sourcecode.c.h; path = TouchcodePrefix.h; sourceTree = "<group>"; };
		451D462513D133B700530A57 /* CBundleResourceURLProtocol.h */ = {isa = PBXFileReference; fileEncoding = 4; lastKnownFileType = sourcecode.c.h; path = CBundleResourceURLProtocol.h; sourceTree = "<group>"; };
		451D462613D133B700530A57 /* CBundleResourceURLProtocol.m */ = {isa = PBXFileReference; fileEncoding = 4; lastKnownFileType = sourcecode.c.objc; path = CBundleResourceURLProtocol.m; sourceTree = "<group>"; };
		451D462813D133B700530A57 /* CCommaArrayTransformer.h */ = {isa = PBXFileReference; fileEncoding = 4; lastKnownFileType = sourcecode.c.h; path = CCommaArrayTransformer.h; sourceTree = "<group>"; };
		451D462913D133B700530A57 /* CCommaArrayTransformer.m */ = {isa = PBXFileReference; fileEncoding = 4; lastKnownFileType = sourcecode.c.objc; path = CCommaArrayTransformer.m; sourceTree = "<group>"; };
		451D462A13D133B700530A57 /* CFloatTransformer.h */ = {isa = PBXFileReference; fileEncoding = 4; lastKnownFileType = sourcecode.c.h; path = CFloatTransformer.h; sourceTree = "<group>"; };
		451D462B13D133B700530A57 /* CFloatTransformer.m */ = {isa = PBXFileReference; fileEncoding = 4; lastKnownFileType = sourcecode.c.objc; path = CFloatTransformer.m; sourceTree = "<group>"; };
		451D462C13D133B700530A57 /* CHumanDateFormatter.h */ = {isa = PBXFileReference; fileEncoding = 4; lastKnownFileType = sourcecode.c.h; path = CHumanDateFormatter.h; sourceTree = "<group>"; };
		451D462D13D133B700530A57 /* CHumanDateFormatter.m */ = {isa = PBXFileReference; fileEncoding = 4; lastKnownFileType = sourcecode.c.objc; path = CHumanDateFormatter.m; sourceTree = "<group>"; };
		451D462E13D133B700530A57 /* CNumberToStringValueTransformer.h */ = {isa = PBXFileReference; fileEncoding = 4; lastKnownFileType = sourcecode.c.h; path = CNumberToStringValueTransformer.h; sourceTree = "<group>"; };
		451D462F13D133B700530A57 /* CNumberToStringValueTransformer.m */ = {isa = PBXFileReference; fileEncoding = 4; lastKnownFileType = sourcecode.c.objc; path = CNumberToStringValueTransformer.m; sourceTree = "<group>"; };
		451D468A13D133E200530A57 /* CoreData.framework */ = {isa = PBXFileReference; lastKnownFileType = wrapper.framework; name = CoreData.framework; path = System/Library/Frameworks/CoreData.framework; sourceTree = SDKROOT; };
		451D468C13D133F500530A57 /* MobileCoreServices.framework */ = {isa = PBXFileReference; lastKnownFileType = wrapper.framework; name = MobileCoreServices.framework; path = System/Library/Frameworks/MobileCoreServices.framework; sourceTree = SDKROOT; };
		451D468E13D1340F00530A57 /* CFNetwork.framework */ = {isa = PBXFileReference; lastKnownFileType = wrapper.framework; name = CFNetwork.framework; path = System/Library/Frameworks/CFNetwork.framework; sourceTree = SDKROOT; };
		451D469313D157EA00530A57 /* CWebSocket.h */ = {isa = PBXFileReference; fileEncoding = 4; lastKnownFileType = sourcecode.c.h; path = CWebSocket.h; sourceTree = "<group>"; };
		451D469413D157EA00530A57 /* CWebSocket.m */ = {isa = PBXFileReference; fileEncoding = 4; lastKnownFileType = sourcecode.c.objc; path = CWebSocket.m; sourceTree = "<group>"; };
		456AFB9313D1D19B00F577F3 /* CCircularBuffer.h */ = {isa = PBXFileReference; fileEncoding = 4; lastKnownFileType = sourcecode.c.h; path = CCircularBuffer.h; sourceTree = "<group>"; };
		456AFB9413D1D19B00F577F3 /* CCircularBuffer.m */ = {isa = PBXFileReference; fileEncoding = 4; lastKnownFileType = sourcecode.c.objc; path = CCircularBuffer.m; sourceTree = "<group>"; };
		45FD2CD913D1FEEF00F88C0F /* CSocketIO.h */ = {isa = PBXFileReference; fileEncoding = 4; lastKnownFileType = sourcecode.c.h; path = CSocketIO.h; sourceTree = "<group>"; };
		45FD2CDA13D1FEEF00F88C0F /* CSocketIO.m */ = {isa = PBXFileReference; fileEncoding = 4; lastKnownFileType = sourcecode.c.objc; path = CSocketIO.m; sourceTree = "<group>"; };
		45FD2CDD13D2085300F88C0F /* CTurntableFMSocket.h */ = {isa = PBXFileReference; fileEncoding = 4; lastKnownFileType = sourcecode.c.h; path = CTurntableFMSocket.h; sourceTree = "<group>"; };
		45FD2CDE13D2085300F88C0F /* CTurntableFMSocket.m */ = {isa = PBXFileReference; fileEncoding = 4; lastKnownFileType = sourcecode.c.objc; path = CTurntableFMSocket.m; sourceTree = "<group>"; };
		45FD2CE813D2152A00F88C0F /* CMainViewController.h */ = {isa = PBXFileReference; fileEncoding = 4; lastKnownFileType = sourcecode.c.h; path = CMainViewController.h; sourceTree = "<group>"; };
		45FD2CE913D2152A00F88C0F /* CMainViewController.m */ = {isa = PBXFileReference; fileEncoding = 4; lastKnownFileType = sourcecode.c.objc; path = CMainViewController.m; sourceTree = "<group>"; };
		45FD2CEE13D2167E00F88C0F /* CTurntableFMModel.h */ = {isa = PBXFileReference; fileEncoding = 4; lastKnownFileType = sourcecode.c.h; path = CTurntableFMModel.h; sourceTree = "<group>"; };
		45FD2CEF13D2167E00F88C0F /* CTurntableFMModel.m */ = {isa = PBXFileReference; fileEncoding = 4; lastKnownFileType = sourcecode.c.objc; path = CTurntableFMModel.m; sourceTree = "<group>"; };
		750344B913D2297D0070495B /* CRoomViewController.h */ = {isa = PBXFileReference; fileEncoding = 4; lastKnownFileType = sourcecode.c.h; path = CRoomViewController.h; sourceTree = "<group>"; };
		750344BA13D2297D0070495B /* CRoomViewController.m */ = {isa = PBXFileReference; fileEncoding = 4; lastKnownFileType = sourcecode.c.objc; path = CRoomViewController.m; sourceTree = "<group>"; };
		750344BB13D2297D0070495B /* CRoomViewController.xib */ = {isa = PBXFileReference; fileEncoding = 4; lastKnownFileType = file.xib; path = CRoomViewController.xib; sourceTree = "<group>"; };
		750344C213D22CF30070495B /* TurntableFMStaticAssets */ = {isa = PBXFileReference; lastKnownFileType = folder; path = TurntableFMStaticAssets; sourceTree = "<group>"; };
		75B86F4013D23095001280FC /* CChatViewController.h */ = {isa = PBXFileReference; fileEncoding = 4; lastKnownFileType = sourcecode.c.h; path = CChatViewController.h; sourceTree = "<group>"; };
		75B86F4113D23095001280FC /* CChatViewController.m */ = {isa = PBXFileReference; fileEncoding = 4; lastKnownFileType = sourcecode.c.objc; path = CChatViewController.m; sourceTree = "<group>"; };
		75B86F4213D23095001280FC /* CChatViewController.xib */ = {isa = PBXFileReference; fileEncoding = 4; lastKnownFileType = file.xib; path = CChatViewController.xib; sourceTree = "<group>"; };
		75B86F4613D23124001280FC /* CSongViewController.h */ = {isa = PBXFileReference; fileEncoding = 4; lastKnownFileType = sourcecode.c.h; path = CSongViewController.h; sourceTree = "<group>"; };
		75B86F4713D23124001280FC /* CSongViewController.m */ = {isa = PBXFileReference; fileEncoding = 4; lastKnownFileType = sourcecode.c.objc; path = CSongViewController.m; sourceTree = "<group>"; };
		75B86F4813D23124001280FC /* CSongViewController.xib */ = {isa = PBXFileReference; fileEncoding = 4; lastKnownFileType = file.xib; path = CSongViewController.xib; sourceTree = "<group>"; };
		97ABD55713D212010058B68E /* CLobbyViewController.h */ = {isa = PBXFileReference; fileEncoding = 4; lastKnownFileType = sourcecode.c.h; path = CLobbyViewController.h; sourceTree = "<group>"; };
		97ABD55813D212010058B68E /* CLobbyViewController.m */ = {isa = PBXFileReference; fileEncoding = 4; lastKnownFileType = sourcecode.c.objc; path = CLobbyViewController.m; sourceTree = "<group>"; };
		97ABD55913D212010058B68E /* CLobbyViewController.xib */ = {isa = PBXFileReference; fileEncoding = 4; lastKnownFileType = file.xib; path = CLobbyViewController.xib; sourceTree = "<group>"; };
/* End PBXFileReference section */

/* Begin PBXFrameworksBuildPhase section */
		4506235B13D117F800086997 /* Frameworks */ = {
			isa = PBXFrameworksBuildPhase;
			buildActionMask = 2147483647;
			files = (
				451D468F13D1340F00530A57 /* CFNetwork.framework in Frameworks */,
				451D468D13D133F500530A57 /* MobileCoreServices.framework in Frameworks */,
				451D468B13D133E200530A57 /* CoreData.framework in Frameworks */,
				4506236313D117F800086997 /* UIKit.framework in Frameworks */,
				4506236513D117F800086997 /* Foundation.framework in Frameworks */,
				4506236713D117F800086997 /* CoreGraphics.framework in Frameworks */,
			);
			runOnlyForDeploymentPostprocessing = 0;
		};
		4506238413D117F800086997 /* Frameworks */ = {
			isa = PBXFrameworksBuildPhase;
			buildActionMask = 2147483647;
			files = (
				4506238A13D117F800086997 /* SenTestingKit.framework in Frameworks */,
				4506238B13D117F800086997 /* UIKit.framework in Frameworks */,
				4506238C13D117F800086997 /* Foundation.framework in Frameworks */,
				4506238D13D117F800086997 /* CoreGraphics.framework in Frameworks */,
			);
			runOnlyForDeploymentPostprocessing = 0;
		};
/* End PBXFrameworksBuildPhase section */

/* Begin PBXGroup section */
		4506235313D117F800086997 = {
			isa = PBXGroup;
			children = (
				750344C213D22CF30070495B /* TurntableFMStaticAssets */,
				4506236813D117F800086997 /* TurntableFM */,
				451D427013D11DCD00530A57 /* Externals */,
				4506239013D117F800086997 /* TurntableFMTests */,
				4506236113D117F800086997 /* Frameworks */,
				4506235F13D117F800086997 /* Products */,
			);
			sourceTree = "<group>";
		};
		4506235F13D117F800086997 /* Products */ = {
			isa = PBXGroup;
			children = (
				4506235E13D117F800086997 /* TurntableFM.app */,
				4506238813D117F800086997 /* TurntableFMTests.octest */,
			);
			name = Products;
			sourceTree = "<group>";
		};
		4506236113D117F800086997 /* Frameworks */ = {
			isa = PBXGroup;
			children = (
				451D468E13D1340F00530A57 /* CFNetwork.framework */,
				451D468C13D133F500530A57 /* MobileCoreServices.framework */,
				451D468A13D133E200530A57 /* CoreData.framework */,
				4506236213D117F800086997 /* UIKit.framework */,
				4506236413D117F800086997 /* Foundation.framework */,
				4506236613D117F800086997 /* CoreGraphics.framework */,
				4506238913D117F800086997 /* SenTestingKit.framework */,
			);
			name = Frameworks;
			sourceTree = "<group>";
		};
		4506236813D117F800086997 /* TurntableFM */ = {
			isa = PBXGroup;
			children = (
				4506237113D117F800086997 /* CApplicationController.h */,
				4506237213D117F800086997 /* CApplicationController.m */,
				451D469313D157EA00530A57 /* CWebSocket.h */,
				451D469413D157EA00530A57 /* CWebSocket.m */,
				45FD2CD913D1FEEF00F88C0F /* CSocketIO.h */,
				45FD2CDA13D1FEEF00F88C0F /* CSocketIO.m */,
				45FD2CDD13D2085300F88C0F /* CTurntableFMSocket.h */,
				45FD2CDE13D2085300F88C0F /* CTurntableFMSocket.m */,
				45FD2CEE13D2167E00F88C0F /* CTurntableFMModel.h */,
				45FD2CEF13D2167E00F88C0F /* CTurntableFMModel.m */,
				456AFB9313D1D19B00F577F3 /* CCircularBuffer.h */,
				456AFB9413D1D19B00F577F3 /* CCircularBuffer.m */,
				450623B213D11B1D00086997 /* MainWindow_iPad.xib */,
				97ABD55713D212010058B68E /* CLobbyViewController.h */,
				97ABD55813D212010058B68E /* CLobbyViewController.m */,
				97ABD55913D212010058B68E /* CLobbyViewController.xib */,
				45FD2CE813D2152A00F88C0F /* CMainViewController.h */,
				45FD2CE913D2152A00F88C0F /* CMainViewController.m */,
				750344B913D2297D0070495B /* CRoomViewController.h */,
				750344BA13D2297D0070495B /* CRoomViewController.m */,
				750344BB13D2297D0070495B /* CRoomViewController.xib */,
				75B86F4013D23095001280FC /* CChatViewController.h */,
				75B86F4113D23095001280FC /* CChatViewController.m */,
				75B86F4213D23095001280FC /* CChatViewController.xib */,
				75B86F4613D23124001280FC /* CSongViewController.h */,
				75B86F4713D23124001280FC /* CSongViewController.m */,
				75B86F4813D23124001280FC /* CSongViewController.xib */,
				4506236913D117F800086997 /* Supporting Files */,
			);
			path = TurntableFM;
			sourceTree = "<group>";
		};
		4506236913D117F800086997 /* Supporting Files */ = {
			isa = PBXGroup;
			children = (
				4506236A13D117F800086997 /* TurntableFM-Info.plist */,
				4506236B13D117F800086997 /* InfoPlist.strings */,
				4506236E13D117F800086997 /* main.m */,
				4506237013D117F800086997 /* TurntableFM-Prefix.pch */,
			);
			name = "Supporting Files";
			sourceTree = "<group>";
		};
		4506239013D117F800086997 /* TurntableFMTests */ = {
			isa = PBXGroup;
			children = (
				4506239613D117F800086997 /* TurntableFMTests.h */,
				4506239813D117F800086997 /* TurntableFMTests.m */,
				4506239113D117F800086997 /* Supporting Files */,
			);
			path = TurntableFMTests;
			sourceTree = "<group>";
		};
		4506239113D117F800086997 /* Supporting Files */ = {
			isa = PBXGroup;
			children = (
				4506239213D117F800086997 /* TurntableFMTests-Info.plist */,
				4506239313D117F800086997 /* InfoPlist.strings */,
			);
			name = "Supporting Files";
			sourceTree = "<group>";
		};
		451D427013D11DCD00530A57 /* Externals */ = {
			isa = PBXGroup;
			children = (
				451D45A813D133B700530A57 /* TouchFoundation */,
				451D44FE13D11F8900530A57 /* facebook-ios-sdk */,
				451D42D613D11DCD00530A57 /* TouchJSON */,
			);
			path = Externals;
			sourceTree = "<group>";
		};
		451D42D613D11DCD00530A57 /* TouchJSON */ = {
			isa = PBXGroup;
			children = (
				451D42FF13D11DCD00530A57 /* Source */,
			);
			path = TouchJSON;
			sourceTree = "<group>";
		};
		451D42FF13D11DCD00530A57 /* Source */ = {
			isa = PBXGroup;
			children = (
				451D430013D11DCD00530A57 /* CDataScanner.h */,
				451D430113D11DCD00530A57 /* CDataScanner.m */,
				451D430213D11DCD00530A57 /* Experimental */,
				451D430B13D11DCD00530A57 /* Extensions */,
				451D431013D11DCD00530A57 /* JSON */,
			);
			path = Source;
			sourceTree = "<group>";
		};
		451D430213D11DCD00530A57 /* Experimental */ = {
			isa = PBXGroup;
			children = (
				451D430313D11DCD00530A57 /* CFilteringJSONSerializer.h */,
				451D430413D11DCD00530A57 /* CFilteringJSONSerializer.m */,
				451D430513D11DCD00530A57 /* CJSONDeserializer_BlocksExtensions.h */,
				451D430613D11DCD00530A57 /* CJSONDeserializer_BlocksExtensions.m */,
				451D430713D11DCD00530A57 /* CJSONSerialization.h */,
				451D430813D11DCD00530A57 /* CJSONSerialization.m */,
				451D430913D11DCD00530A57 /* CJSONSerializedData.h */,
				451D430A13D11DCD00530A57 /* CJSONSerializedData.m */,
			);
			path = Experimental;
			sourceTree = "<group>";
		};
		451D430B13D11DCD00530A57 /* Extensions */ = {
			isa = PBXGroup;
			children = (
				451D430C13D11DCD00530A57 /* CDataScanner_Extensions.h */,
				451D430D13D11DCD00530A57 /* CDataScanner_Extensions.m */,
				451D430E13D11DCD00530A57 /* NSDictionary_JSONExtensions.h */,
				451D430F13D11DCD00530A57 /* NSDictionary_JSONExtensions.m */,
			);
			path = Extensions;
			sourceTree = "<group>";
		};
		451D431013D11DCD00530A57 /* JSON */ = {
			isa = PBXGroup;
			children = (
				451D431113D11DCD00530A57 /* CJSONDeserializer.h */,
				451D431213D11DCD00530A57 /* CJSONDeserializer.m */,
				451D431313D11DCD00530A57 /* CJSONScanner.h */,
				451D431413D11DCD00530A57 /* CJSONScanner.m */,
				451D431513D11DCD00530A57 /* CJSONSerializer.h */,
				451D431613D11DCD00530A57 /* CJSONSerializer.m */,
				451D431713D11DCD00530A57 /* JSONRepresentation.h */,
			);
			path = JSON;
			sourceTree = "<group>";
		};
		451D44FE13D11F8900530A57 /* facebook-ios-sdk */ = {
			isa = PBXGroup;
			children = (
				451D453713D11F8900530A57 /* src */,
			);
			path = "facebook-ios-sdk";
			sourceTree = "<group>";
		};
		451D453713D11F8900530A57 /* src */ = {
			isa = PBXGroup;
			children = (
				451D453B13D11F8900530A57 /* Facebook.h */,
				451D453C13D11F8900530A57 /* Facebook.m */,
				451D453D13D11F8900530A57 /* facebook_ios_sdk_Prefix.pch */,
				451D453E13D11F8900530A57 /* FBConnect.h */,
				451D453F13D11F8900530A57 /* FBDialog.bundle */,
				451D454013D11F8900530A57 /* FBDialog.h */,
				451D454113D11F8900530A57 /* FBDialog.m */,
				451D454213D11F8900530A57 /* FBLoginDialog.h */,
				451D454313D11F8900530A57 /* FBLoginDialog.m */,
				451D454413D11F8900530A57 /* FBRequest.h */,
				451D454513D11F8900530A57 /* FBRequest.m */,
				451D454613D11F8900530A57 /* JSON */,
			);
			path = src;
			sourceTree = "<group>";
		};
		451D454613D11F8900530A57 /* JSON */ = {
			isa = PBXGroup;
			children = (
				451D454713D11F8900530A57 /* JSON.h */,
				451D454813D11F8900530A57 /* NSObject+SBJSON.h */,
				451D454913D11F8900530A57 /* NSObject+SBJSON.m */,
				451D454A13D11F8900530A57 /* NSString+SBJSON.h */,
				451D454B13D11F8900530A57 /* NSString+SBJSON.m */,
				451D454C13D11F8900530A57 /* SBJSON.h */,
				451D454D13D11F8900530A57 /* SBJSON.m */,
				451D454E13D11F8900530A57 /* SBJsonBase.h */,
				451D454F13D11F8900530A57 /* SBJsonBase.m */,
				451D455013D11F8900530A57 /* SBJsonParser.h */,
				451D455113D11F8900530A57 /* SBJsonParser.m */,
				451D455213D11F8900530A57 /* SBJsonWriter.h */,
				451D455313D11F8900530A57 /* SBJsonWriter.m */,
			);
			path = JSON;
			sourceTree = "<group>";
		};
		451D45A813D133B700530A57 /* TouchFoundation */ = {
			isa = PBXGroup;
			children = (
				451D45CF13D133B700530A57 /* Source */,
			);
			path = TouchFoundation;
			sourceTree = "<group>";
		};
		451D45CF13D133B700530A57 /* Source */ = {
			isa = PBXGroup;
			children = (
				451D45D013D133B700530A57 /* Asserts.h */,
				451D45D113D133B700530A57 /* Base64Transcoder.c */,
				451D45D213D133B700530A57 /* Base64Transcoder.h */,
				451D45D313D133B700530A57 /* CDateRange.h */,
				451D45D413D133B700530A57 /* CDateRange.m */,
				451D45D513D133B700530A57 /* CoreData */,
				451D45DE13D133B700530A57 /* CPointerArray.h */,
				451D45DF13D133B700530A57 /* CPointerArray.m */,
				451D45E013D133B700530A57 /* CTemporaryData.h */,
				451D45E113D133B700530A57 /* CTemporaryData.m */,
				451D45E213D133B700530A57 /* CTemporaryFile.h */,
				451D45E313D133B700530A57 /* CTemporaryFile.m */,
				451D45E413D133B700530A57 /* CTrivialTemplate.h */,
				451D45E513D133B700530A57 /* CTrivialTemplate.m */,
				451D45E613D133B700530A57 /* CURLOperation.h */,
				451D45E713D133B700530A57 /* CURLOperation.m */,
				451D45E813D133B700530A57 /* CValueValidator.h */,
				451D45E913D133B700530A57 /* CValueValidator.m */,
				451D45EA13D133B700530A57 /* Extensions */,
				451D461713D133B700530A57 /* InvocationGrabber */,
				451D461C13D133B700530A57 /* Networking */,
				451D462313D133B700530A57 /* TouchcodePrefix.h */,
				451D462413D133B700530A57 /* URLProtocols */,
				451D462713D133B700530A57 /* ValueTransformers */,
			);
			path = Source;
			sourceTree = "<group>";
		};
		451D45D513D133B700530A57 /* CoreData */ = {
			isa = PBXGroup;
			children = (
				451D45D613D133B700530A57 /* CBetterCoreDataManager.h */,
				451D45D713D133B700530A57 /* CBetterCoreDataManager.m */,
				451D45D813D133B700530A57 /* CCoreDataManager.h */,
				451D45D913D133B700530A57 /* CCoreDataManager.m */,
				451D45DA13D133B700530A57 /* CEntityDataSource.h */,
				451D45DB13D133B700530A57 /* CEntityDataSource.m */,
				451D45DC13D133B700530A57 /* NSManagedObjectContext_Extensions.h */,
				451D45DD13D133B700530A57 /* NSManagedObjectContext_Extensions.m */,
			);
			path = CoreData;
			sourceTree = "<group>";
		};
		451D45EA13D133B700530A57 /* Extensions */ = {
			isa = PBXGroup;
			children = (
				451D45EB13D133B700530A57 /* Dates */,
				451D45F713D133B700530A57 /* NSData_Base64Extensions.h */,
				451D45F813D133B700530A57 /* NSData_Base64Extensions.m */,
				451D45F913D133B700530A57 /* NSData_DigestExtensions.h */,
				451D45FA13D133B700530A57 /* NSData_DigestExtensions.m */,
				451D45FB13D133B700530A57 /* NSData_Extensions.h */,
				451D45FC13D133B700530A57 /* NSData_Extensions.m */,
				451D45FD13D133B700530A57 /* NSDecimalNumber_Extensions.h */,
				451D45FE13D133B700530A57 /* NSDecimalNumber_Extensions.m */,
				451D45FF13D133B700530A57 /* NSError_Extensions.h */,
				451D460013D133B700530A57 /* NSError_Extensions.m */,
				451D460113D133B700530A57 /* NSFileManager_Extensions.h */,
				451D460213D133B700530A57 /* NSFileManager_Extensions.m */,
				451D460313D133B700530A57 /* NSIndexPath_Extensions.h */,
				451D460413D133B700530A57 /* NSIndexPath_Extensions.m */,
				451D460513D133B700530A57 /* NSOperation_DebugExtensions.h */,
				451D460613D133B700530A57 /* NSOperation_DebugExtensions.m */,
				451D460713D133B700530A57 /* NSOperationQueue_Extensions.h */,
				451D460813D133B700530A57 /* NSOperationQueue_Extensions.m */,
				451D460913D133B700530A57 /* NSScanner_Extensions.h */,
				451D460A13D133B700530A57 /* NSScanner_Extensions.m */,
				451D460B13D133B700530A57 /* NSScanner_HTMLExtensions.h */,
				451D460C13D133B700530A57 /* NSScanner_HTMLExtensions.m */,
				451D460D13D133B700530A57 /* NSString_Extensions.h */,
				451D460E13D133B700530A57 /* NSString_Extensions.m */,
				451D460F13D133B700530A57 /* NSURL_DataExtensions.h */,
				451D461013D133B700530A57 /* NSURL_DataExtensions.m */,
				451D461113D133B700530A57 /* NSURL_Extensions.h */,
				451D461213D133B700530A57 /* NSURL_Extensions.m */,
				451D461313D133B700530A57 /* NSURLResponse_Extensions.h */,
				451D461413D133B700530A57 /* NSURLResponse_Extensions.m */,
				451D461513D133B700530A57 /* NSValue_Extensions.h */,
				451D461613D133B700530A57 /* NSValue_Extensions.m */,
			);
			path = Extensions;
			sourceTree = "<group>";
		};
		451D45EB13D133B700530A57 /* Dates */ = {
			isa = PBXGroup;
			children = (
				451D45EC13D133B700530A57 /* ISO-8601-parser-0.5 */,
				451D45EF13D133B700530A57 /* NSDate_Extensions.h */,
				451D45F013D133B700530A57 /* NSDate_Extensions.m */,
				451D45F113D133B700530A57 /* NSDate_InternetDateExtensions.h */,
				451D45F213D133B700530A57 /* NSDate_InternetDateExtensions.m */,
				451D45F313D133B700530A57 /* NSDate_LiberalDates.h */,
				451D45F413D133B700530A57 /* NSDate_LiberalDates.m */,
				451D45F513D133B700530A57 /* NSDateFormatter_InternetDateExtensions.h */,
				451D45F613D133B700530A57 /* NSDateFormatter_InternetDateExtensions.m */,
			);
			path = Dates;
			sourceTree = "<group>";
		};
		451D45EC13D133B700530A57 /* ISO-8601-parser-0.5 */ = {
			isa = PBXGroup;
			children = (
				451D45ED13D133B700530A57 /* ISO8601DateFormatter.h */,
				451D45EE13D133B700530A57 /* ISO8601DateFormatter.m */,
			);
			path = "ISO-8601-parser-0.5";
			sourceTree = "<group>";
		};
		451D461713D133B700530A57 /* InvocationGrabber */ = {
			isa = PBXGroup;
			children = (
				451D461813D133B700530A57 /* CInvocationGrabber.h */,
				451D461913D133B700530A57 /* CInvocationGrabber.m */,
				451D461A13D133B700530A57 /* NSObject_InvocationGrabberExtensions.h */,
				451D461B13D133B700530A57 /* NSObject_InvocationGrabberExtensions.m */,
			);
			path = InvocationGrabber;
			sourceTree = "<group>";
		};
		451D461C13D133B700530A57 /* Networking */ = {
			isa = PBXGroup;
			children = (
				451D461D13D133B700530A57 /* CHTTPClient.h */,
				451D461E13D133B700530A57 /* CHTTPClient.m */,
				451D461F13D133B700530A57 /* CMyURLResponse.h */,
				451D462013D133B700530A57 /* CMyURLResponse.m */,
				451D462113D133B700530A57 /* CURLOperation2.h */,
				451D462213D133B700530A57 /* CURLOperation2.m */,
			);
			path = Networking;
			sourceTree = "<group>";
		};
		451D462413D133B700530A57 /* URLProtocols */ = {
			isa = PBXGroup;
			children = (
				451D462513D133B700530A57 /* CBundleResourceURLProtocol.h */,
				451D462613D133B700530A57 /* CBundleResourceURLProtocol.m */,
			);
			path = URLProtocols;
			sourceTree = "<group>";
		};
		451D462713D133B700530A57 /* ValueTransformers */ = {
			isa = PBXGroup;
			children = (
				451D462813D133B700530A57 /* CCommaArrayTransformer.h */,
				451D462913D133B700530A57 /* CCommaArrayTransformer.m */,
				451D462A13D133B700530A57 /* CFloatTransformer.h */,
				451D462B13D133B700530A57 /* CFloatTransformer.m */,
				451D462C13D133B700530A57 /* CHumanDateFormatter.h */,
				451D462D13D133B700530A57 /* CHumanDateFormatter.m */,
				451D462E13D133B700530A57 /* CNumberToStringValueTransformer.h */,
				451D462F13D133B700530A57 /* CNumberToStringValueTransformer.m */,
			);
			path = ValueTransformers;
			sourceTree = "<group>";
		};
/* End PBXGroup section */

/* Begin PBXNativeTarget section */
		4506235D13D117F800086997 /* TurntableFM */ = {
			isa = PBXNativeTarget;
			buildConfigurationList = 4506239C13D117F800086997 /* Build configuration list for PBXNativeTarget "TurntableFM" */;
			buildPhases = (
				4506235A13D117F800086997 /* Sources */,
				4506235B13D117F800086997 /* Frameworks */,
				4506235C13D117F800086997 /* Resources */,
			);
			buildRules = (
			);
			dependencies = (
			);
			name = TurntableFM;
			productName = TurntableFM;
			productReference = 4506235E13D117F800086997 /* TurntableFM.app */;
			productType = "com.apple.product-type.application";
		};
		4506238713D117F800086997 /* TurntableFMTests */ = {
			isa = PBXNativeTarget;
			buildConfigurationList = 4506239F13D117F800086997 /* Build configuration list for PBXNativeTarget "TurntableFMTests" */;
			buildPhases = (
				4506238313D117F800086997 /* Sources */,
				4506238413D117F800086997 /* Frameworks */,
				4506238513D117F800086997 /* Resources */,
				4506238613D117F800086997 /* ShellScript */,
			);
			buildRules = (
			);
			dependencies = (
				4506238F13D117F800086997 /* PBXTargetDependency */,
			);
			name = TurntableFMTests;
			productName = TurntableFMTests;
			productReference = 4506238813D117F800086997 /* TurntableFMTests.octest */;
			productType = "com.apple.product-type.bundle";
		};
/* End PBXNativeTarget section */

/* Begin PBXProject section */
		4506235513D117F800086997 /* Project object */ = {
			isa = PBXProject;
			attributes = {
				ORGANIZATIONNAME = toxicsoftware.com;
			};
			buildConfigurationList = 4506235813D117F800086997 /* Build configuration list for PBXProject "TurntableFM" */;
			compatibilityVersion = "Xcode 3.2";
			developmentRegion = English;
			hasScannedForEncodings = 0;
			knownRegions = (
				en,
			);
			mainGroup = 4506235313D117F800086997;
			productRefGroup = 4506235F13D117F800086997 /* Products */;
			projectDirPath = "";
			projectRoot = "";
			targets = (
				4506235D13D117F800086997 /* TurntableFM */,
				4506238713D117F800086997 /* TurntableFMTests */,
			);
		};
/* End PBXProject section */

/* Begin PBXResourcesBuildPhase section */
		4506235C13D117F800086997 /* Resources */ = {
			isa = PBXResourcesBuildPhase;
			buildActionMask = 2147483647;
			files = (
				4506236D13D117F800086997 /* InfoPlist.strings in Resources */,
				450623B313D11B1E00086997 /* MainWindow_iPad.xib in Resources */,
				451D458F13D11F8900530A57 /* FBDialog.bundle in Resources */,
				97ABD55B13D212010058B68E /* CLobbyViewController.xib in Resources */,
				750344BD13D2297D0070495B /* CRoomViewController.xib in Resources */,
				750344C313D22CF30070495B /* TurntableFMStaticAssets in Resources */,
				75B86F4413D23095001280FC /* CChatViewController.xib in Resources */,
				75B86F4A13D23124001280FC /* CSongViewController.xib in Resources */,
			);
			runOnlyForDeploymentPostprocessing = 0;
		};
		4506238513D117F800086997 /* Resources */ = {
			isa = PBXResourcesBuildPhase;
			buildActionMask = 2147483647;
			files = (
				4506239513D117F800086997 /* InfoPlist.strings in Resources */,
				4506239713D117F800086997 /* TurntableFMTests.h in Resources */,
			);
			runOnlyForDeploymentPostprocessing = 0;
		};
/* End PBXResourcesBuildPhase section */

/* Begin PBXShellScriptBuildPhase section */
		4506238613D117F800086997 /* ShellScript */ = {
			isa = PBXShellScriptBuildPhase;
			buildActionMask = 2147483647;
			files = (
			);
			inputPaths = (
			);
			outputPaths = (
			);
			runOnlyForDeploymentPostprocessing = 0;
			shellPath = /bin/sh;
			shellScript = "# Run the unit tests in this test bundle.\n\"${SYSTEM_DEVELOPER_DIR}/Tools/RunUnitTests\"\n";
		};
/* End PBXShellScriptBuildPhase section */

/* Begin PBXSourcesBuildPhase section */
		4506235A13D117F800086997 /* Sources */ = {
			isa = PBXSourcesBuildPhase;
			buildActionMask = 2147483647;
			files = (
				4506236F13D117F800086997 /* main.m in Sources */,
				4506237313D117F800086997 /* CApplicationController.m in Sources */,
				451D43CC13D11DCE00530A57 /* CDataScanner.m in Sources */,
				451D43CD13D11DCE00530A57 /* CFilteringJSONSerializer.m in Sources */,
				451D43CE13D11DCE00530A57 /* CJSONDeserializer_BlocksExtensions.m in Sources */,
				451D43CF13D11DCE00530A57 /* CJSONSerialization.m in Sources */,
				451D43D013D11DCE00530A57 /* CJSONSerializedData.m in Sources */,
				451D43D113D11DCE00530A57 /* CDataScanner_Extensions.m in Sources */,
				451D43D213D11DCE00530A57 /* NSDictionary_JSONExtensions.m in Sources */,
				451D43D313D11DCE00530A57 /* CJSONDeserializer.m in Sources */,
				451D43D413D11DCE00530A57 /* CJSONScanner.m in Sources */,
				451D43D513D11DCE00530A57 /* CJSONSerializer.m in Sources */,
				451D458E13D11F8900530A57 /* Facebook.m in Sources */,
				451D459013D11F8900530A57 /* FBDialog.m in Sources */,
				451D459113D11F8900530A57 /* FBLoginDialog.m in Sources */,
				451D459213D11F8900530A57 /* FBRequest.m in Sources */,
				451D459313D11F8900530A57 /* NSObject+SBJSON.m in Sources */,
				451D459413D11F8900530A57 /* NSString+SBJSON.m in Sources */,
				451D459513D11F8900530A57 /* SBJSON.m in Sources */,
				451D459613D11F8900530A57 /* SBJsonBase.m in Sources */,
				451D459713D11F8900530A57 /* SBJsonParser.m in Sources */,
				451D459813D11F8900530A57 /* SBJsonWriter.m in Sources */,
				451D465613D133B700530A57 /* Base64Transcoder.c in Sources */,
				451D465713D133B700530A57 /* CDateRange.m in Sources */,
				451D465813D133B700530A57 /* CBetterCoreDataManager.m in Sources */,
				451D465913D133B700530A57 /* CCoreDataManager.m in Sources */,
				451D465A13D133B700530A57 /* CEntityDataSource.m in Sources */,
				451D465B13D133B700530A57 /* NSManagedObjectContext_Extensions.m in Sources */,
				451D465C13D133B700530A57 /* CPointerArray.m in Sources */,
				451D465D13D133B700530A57 /* CTemporaryData.m in Sources */,
				451D465E13D133B700530A57 /* CTemporaryFile.m in Sources */,
				451D465F13D133B700530A57 /* CTrivialTemplate.m in Sources */,
				451D466013D133B700530A57 /* CURLOperation.m in Sources */,
				451D466113D133B700530A57 /* CValueValidator.m in Sources */,
				451D466213D133B700530A57 /* ISO8601DateFormatter.m in Sources */,
				451D466313D133B700530A57 /* NSDate_Extensions.m in Sources */,
				451D466413D133B700530A57 /* NSDate_InternetDateExtensions.m in Sources */,
				451D466513D133B700530A57 /* NSDate_LiberalDates.m in Sources */,
				451D466613D133B700530A57 /* NSDateFormatter_InternetDateExtensions.m in Sources */,
				451D466713D133B700530A57 /* NSData_Base64Extensions.m in Sources */,
				451D466813D133B700530A57 /* NSData_DigestExtensions.m in Sources */,
				451D466913D133B700530A57 /* NSData_Extensions.m in Sources */,
				451D466A13D133B700530A57 /* NSDecimalNumber_Extensions.m in Sources */,
				451D466B13D133B700530A57 /* NSError_Extensions.m in Sources */,
				451D466C13D133B700530A57 /* NSFileManager_Extensions.m in Sources */,
				451D466D13D133B700530A57 /* NSIndexPath_Extensions.m in Sources */,
				451D466E13D133B700530A57 /* NSOperation_DebugExtensions.m in Sources */,
				451D466F13D133B700530A57 /* NSOperationQueue_Extensions.m in Sources */,
				451D467013D133B700530A57 /* NSScanner_Extensions.m in Sources */,
				451D467113D133B700530A57 /* NSScanner_HTMLExtensions.m in Sources */,
				451D467213D133B700530A57 /* NSString_Extensions.m in Sources */,
				451D467313D133B700530A57 /* NSURL_DataExtensions.m in Sources */,
				451D467413D133B700530A57 /* NSURL_Extensions.m in Sources */,
				451D467513D133B700530A57 /* NSURLResponse_Extensions.m in Sources */,
				451D467613D133B700530A57 /* NSValue_Extensions.m in Sources */,
				451D467713D133B700530A57 /* CInvocationGrabber.m in Sources */,
				451D467813D133B700530A57 /* NSObject_InvocationGrabberExtensions.m in Sources */,
				451D467913D133B700530A57 /* CHTTPClient.m in Sources */,
				451D467A13D133B700530A57 /* CMyURLResponse.m in Sources */,
				451D467B13D133B700530A57 /* CURLOperation2.m in Sources */,
				451D467C13D133B700530A57 /* CBundleResourceURLProtocol.m in Sources */,
				451D467D13D133B700530A57 /* CCommaArrayTransformer.m in Sources */,
				451D467E13D133B700530A57 /* CFloatTransformer.m in Sources */,
				451D467F13D133B700530A57 /* CHumanDateFormatter.m in Sources */,
				451D468013D133B700530A57 /* CNumberToStringValueTransformer.m in Sources */,
				451D469513D157EA00530A57 /* CWebSocket.m in Sources */,
				456AFB9513D1D19B00F577F3 /* CCircularBuffer.m in Sources */,
				97ABD55A13D212010058B68E /* CLobbyViewController.m in Sources */,
				45FD2CDB13D1FEEF00F88C0F /* CSocketIO.m in Sources */,
				45FD2CDF13D2085300F88C0F /* CTurntableFMSocket.m in Sources */,
				45FD2CEB13D2152B00F88C0F /* CMainViewController.m in Sources */,
				45FD2CF013D2167E00F88C0F /* CTurntableFMModel.m in Sources */,
				750344BC13D2297D0070495B /* CRoomViewController.m in Sources */,
				75B86F4313D23095001280FC /* CChatViewController.m in Sources */,
				75B86F4913D23124001280FC /* CSongViewController.m in Sources */,
			);
			runOnlyForDeploymentPostprocessing = 0;
		};
		4506238313D117F800086997 /* Sources */ = {
			isa = PBXSourcesBuildPhase;
			buildActionMask = 2147483647;
			files = (
				4506239913D117F800086997 /* TurntableFMTests.m in Sources */,
			);
			runOnlyForDeploymentPostprocessing = 0;
		};
/* End PBXSourcesBuildPhase section */

/* Begin PBXTargetDependency section */
		4506238F13D117F800086997 /* PBXTargetDependency */ = {
			isa = PBXTargetDependency;
			target = 4506235D13D117F800086997 /* TurntableFM */;
			targetProxy = 4506238E13D117F800086997 /* PBXContainerItemProxy */;
		};
/* End PBXTargetDependency section */

/* Begin PBXVariantGroup section */
		4506236B13D117F800086997 /* InfoPlist.strings */ = {
			isa = PBXVariantGroup;
			children = (
				4506236C13D117F800086997 /* en */,
			);
			name = InfoPlist.strings;
			sourceTree = "<group>";
		};
		4506239313D117F800086997 /* InfoPlist.strings */ = {
			isa = PBXVariantGroup;
			children = (
				4506239413D117F800086997 /* en */,
			);
			name = InfoPlist.strings;
			sourceTree = "<group>";
		};
/* End PBXVariantGroup section */

/* Begin XCBuildConfiguration section */
		4506239A13D117F800086997 /* Debug */ = {
			isa = XCBuildConfiguration;
			buildSettings = {
				ALWAYS_SEARCH_USER_PATHS = NO;
				ARCHS = "$(ARCHS_STANDARD_32_BIT)";
				CLANG_ENABLE_OBJC_ARC = YES;
				"CODE_SIGN_IDENTITY[sdk=iphoneos*]" = "iPhone Developer";
				COPY_PHASE_STRIP = NO;
				GCC_C_LANGUAGE_STANDARD = gnu99;
				GCC_DYNAMIC_NO_PIC = NO;
				GCC_OPTIMIZATION_LEVEL = 0;
				GCC_PREPROCESSOR_DEFINITIONS = (
					"DEBUG=1",
					"$(inherited)",
				);
				GCC_SYMBOLS_PRIVATE_EXTERN = NO;
				GCC_VERSION = com.apple.compilers.llvm.clang.1_0;
				GCC_WARN_ABOUT_MISSING_PROTOTYPES = YES;
				GCC_WARN_ABOUT_RETURN_TYPE = YES;
				GCC_WARN_UNUSED_VARIABLE = YES;
				IPHONEOS_DEPLOYMENT_TARGET = 5.0;
				SDKROOT = iphoneos;
				TARGETED_DEVICE_FAMILY = 2;
			};
			name = Debug;
		};
		4506239B13D117F800086997 /* Release */ = {
			isa = XCBuildConfiguration;
			buildSettings = {
				ALWAYS_SEARCH_USER_PATHS = NO;
				ARCHS = "$(ARCHS_STANDARD_32_BIT)";
				CLANG_ENABLE_OBJC_ARC = YES;
				"CODE_SIGN_IDENTITY[sdk=iphoneos*]" = "iPhone Developer";
				COPY_PHASE_STRIP = YES;
				GCC_C_LANGUAGE_STANDARD = gnu99;
				GCC_VERSION = com.apple.compilers.llvm.clang.1_0;
				GCC_WARN_ABOUT_MISSING_PROTOTYPES = YES;
				GCC_WARN_ABOUT_RETURN_TYPE = YES;
				GCC_WARN_UNUSED_VARIABLE = YES;
				IPHONEOS_DEPLOYMENT_TARGET = 5.0;
				OTHER_CFLAGS = "-DNS_BLOCK_ASSERTIONS=1";
				SDKROOT = iphoneos;
				TARGETED_DEVICE_FAMILY = 2;
				VALIDATE_PRODUCT = YES;
			};
			name = Release;
		};
		4506239D13D117F800086997 /* Debug */ = {
			isa = XCBuildConfiguration;
			buildSettings = {
				CLANG_ENABLE_OBJC_ARC = NO;
				GCC_PRECOMPILE_PREFIX_HEADER = YES;
				GCC_PREFIX_HEADER = "TurntableFM/TurntableFM-Prefix.pch";
				INFOPLIST_FILE = "TurntableFM/TurntableFM-Info.plist";
				PRODUCT_NAME = "$(TARGET_NAME)";
				WRAPPER_EXTENSION = app;
			};
			name = Debug;
		};
		4506239E13D117F800086997 /* Release */ = {
			isa = XCBuildConfiguration;
			buildSettings = {
				CLANG_ENABLE_OBJC_ARC = NO;
				GCC_PRECOMPILE_PREFIX_HEADER = YES;
				GCC_PREFIX_HEADER = "TurntableFM/TurntableFM-Prefix.pch";
				INFOPLIST_FILE = "TurntableFM/TurntableFM-Info.plist";
				PRODUCT_NAME = "$(TARGET_NAME)";
				WRAPPER_EXTENSION = app;
			};
			name = Release;
		};
		450623A013D117F800086997 /* Debug */ = {
			isa = XCBuildConfiguration;
			buildSettings = {
				BUNDLE_LOADER = "$(BUILT_PRODUCTS_DIR)/TurntableFM.app/TurntableFM";
				FRAMEWORK_SEARCH_PATHS = (
					"$(SDKROOT)/Developer/Library/Frameworks",
					"$(DEVELOPER_LIBRARY_DIR)/Frameworks",
				);
				GCC_PRECOMPILE_PREFIX_HEADER = YES;
				GCC_PREFIX_HEADER = "TurntableFM/TurntableFM-Prefix.pch";
				INFOPLIST_FILE = "TurntableFMTests/TurntableFMTests-Info.plist";
				PRODUCT_NAME = "$(TARGET_NAME)";
				TEST_HOST = "$(BUNDLE_LOADER)";
				WRAPPER_EXTENSION = octest;
			};
			name = Debug;
		};
		450623A113D117F800086997 /* Release */ = {
			isa = XCBuildConfiguration;
			buildSettings = {
				BUNDLE_LOADER = "$(BUILT_PRODUCTS_DIR)/TurntableFM.app/TurntableFM";
				FRAMEWORK_SEARCH_PATHS = (
					"$(SDKROOT)/Developer/Library/Frameworks",
					"$(DEVELOPER_LIBRARY_DIR)/Frameworks",
				);
				GCC_PRECOMPILE_PREFIX_HEADER = YES;
				GCC_PREFIX_HEADER = "TurntableFM/TurntableFM-Prefix.pch";
				INFOPLIST_FILE = "TurntableFMTests/TurntableFMTests-Info.plist";
				PRODUCT_NAME = "$(TARGET_NAME)";
				TEST_HOST = "$(BUNDLE_LOADER)";
				WRAPPER_EXTENSION = octest;
			};
			name = Release;
		};
/* End XCBuildConfiguration section */

/* Begin XCConfigurationList section */
		4506235813D117F800086997 /* Build configuration list for PBXProject "TurntableFM" */ = {
			isa = XCConfigurationList;
			buildConfigurations = (
				4506239A13D117F800086997 /* Debug */,
				4506239B13D117F800086997 /* Release */,
			);
			defaultConfigurationIsVisible = 0;
			defaultConfigurationName = Release;
		};
		4506239C13D117F800086997 /* Build configuration list for PBXNativeTarget "TurntableFM" */ = {
			isa = XCConfigurationList;
			buildConfigurations = (
				4506239D13D117F800086997 /* Debug */,
				4506239E13D117F800086997 /* Release */,
			);
			defaultConfigurationIsVisible = 0;
			defaultConfigurationName = Release;
		};
		4506239F13D117F800086997 /* Build configuration list for PBXNativeTarget "TurntableFMTests" */ = {
			isa = XCConfigurationList;
			buildConfigurations = (
				450623A013D117F800086997 /* Debug */,
				450623A113D117F800086997 /* Release */,
			);
			defaultConfigurationIsVisible = 0;
			defaultConfigurationName = Release;
		};
/* End XCConfigurationList section */
	};
	rootObject = 4506235513D117F800086997 /* Project object */;
}
